
Microsoft Visual Studio Solution File, Format Version 10.00
# Visual Studio 2008
Project("{54435603-DBB4-11D2-8724-00A0C9A8B90C}") = "SetupCetia", "SetupCetia.vdproj", "{3A2AAF87-27EA-4817-830F-AF680BF56AE6}"
EndProject
Global
	GlobalSection(SolutionConfigurationPlatforms) = preSolution
		Debug|Default = Debug|Default
		Release|Default = Release|Default
	EndGlobalSection
	GlobalSection(ProjectConfigurationPlatforms) = postSolution
		{3A2AAF87-27EA-4817-830F-AF680BF56AE6}.Debug|Default.ActiveCfg = Debug
		{3A2AAF87-27EA-4817-830F-AF680BF56AE6}.Debug|Default.Build.0 = Debug
		{3A2AAF87-27EA-4817-830F-AF680BF56AE6}.Release|Default.ActiveCfg = Release
		{3A2AAF87-27EA-4817-830F-AF680BF56AE6}.Release|Default.Build.0 = Release
	EndGlobalSection
	GlobalSection(SolutionProperties) = preSolution
		HideSolutionNode = FALSE
	EndGlobalSection
EndGlobal
